
Microsoft Visual Studio Solution File, Format Version 12.00
# Visual Studio 2013
VisualStudioVersion = 12.0.31101.0
MinimumVisualStudioVersion = 10.0.40219.1
Project("{2150E333-8FDC-42A3-9474-1A3956D46DE8}") = "RedditApp1", "RedditApp1", "{8333DB52-290B-456F-8F0B-3CA27A2545D1}"
EndProject
Project("{D954291E-2A0B-460D-934E-DC6B0785DB48}") = "RedditApp1.Shared", "RedditApp1\RedditApp1.Shared\RedditApp1.Shared.shproj", "{B3DC259C-66FE-4E68-A0F4-4C4F2E4A4D8F}"
EndProject
Project("{FAE04EC0-301F-11D3-BF4B-00C04F79EFBC}") = "RedditApp1.Windows", "RedditApp1\RedditApp1.Windows\RedditApp1.Windows.csproj", "{D2FB473B-AFCD-41E9-A9E7-FF17A610733B}"
EndProject
Project("{FAE04EC0-301F-11D3-BF4B-00C04F79EFBC}") = "RedditApp1.WindowsPhone", "RedditApp1\RedditApp1.WindowsPhone\RedditApp1.WindowsPhone.csproj", "{0D921CE0-DDE0-40FB-A2B5-CF74B8E1B38B}"
EndProject
Global
	GlobalSection(SharedMSBuildProjectFiles) = preSolution
		RedditApp1\RedditApp1.Shared\RedditApp1.Shared.projitems*{d2fb473b-afcd-41e9-a9e7-ff17a610733b}*SharedItemsImports = 4
		RedditApp1\RedditApp1.Shared\RedditApp1.Shared.projitems*{b3dc259c-66fe-4e68-a0f4-4c4f2e4a4d8f}*SharedItemsImports = 13
		RedditApp1\RedditApp1.Shared\RedditApp1.Shared.projitems*{0d921ce0-dde0-40fb-a2b5-cf74b8e1b38b}*SharedItemsImports = 4
	EndGlobalSection
	GlobalSection(SolutionConfigurationPlatforms) = preSolution
		Debug|Any CPU = Debug|Any CPU
		Debug|ARM = Debug|ARM
		Debug|x64 = Debug|x64
		Debug|x86 = Debug|x86
		Release|Any CPU = Release|Any CPU
		Release|ARM = Release|ARM
		Release|x64 = Release|x64
		Release|x86 = Release|x86
	EndGlobalSection
	GlobalSection(ProjectConfigurationPlatforms) = postSolution
		{D2FB473B-AFCD-41E9-A9E7-FF17A610733B}.Debug|Any CPU.ActiveCfg = Debug|Any CPU
		{D2FB473B-AFCD-41E9-A9E7-FF17A610733B}.Debug|Any CPU.Build.0 = Debug|Any CPU
		{D2FB473B-AFCD-41E9-A9E7-FF17A610733B}.Debug|Any CPU.Deploy.0 = Debug|Any CPU
		{D2FB473B-AFCD-41E9-A9E7-FF17A610733B}.Debug|ARM.ActiveCfg = Debug|ARM
		{D2FB473B-AFCD-41E9-A9E7-FF17A610733B}.Debug|ARM.Build.0 = Debug|ARM
		{D2FB473B-AFCD-41E9-A9E7-FF17A610733B}.Debug|ARM.Deploy.0 = Debug|ARM
		{D2FB473B-AFCD-41E9-A9E7-FF17A610733B}.Debug|x64.ActiveCfg = Debug|x64
		{D2FB473B-AFCD-41E9-A9E7-FF17A610733B}.Debug|x64.Build.0 = Debug|x64
		{D2FB473B-AFCD-41E9-A9E7-FF17A610733B}.Debug|x64.Deploy.0 = Debug|x64
		{D2FB473B-AFCD-41E9-A9E7-FF17A610733B}.Debug|x86.ActiveCfg = Debug|x86
		{D2FB473B-AFCD-41E9-A9E7-FF17A610733B}.Debug|x86.Build.0 = Debug|x86
		{D2FB473B-AFCD-41E9-A9E7-FF17A610733B}.Debug|x86.Deploy.0 = Debug|x86
		{D2FB473B-AFCD-41E9-A9E7-FF17A610733B}.Release|Any CPU.ActiveCfg = Release|Any CPU
		{D2FB473B-AFCD-41E9-A9E7-FF17A610733B}.Release|Any CPU.Build.0 = Release|Any CPU
		{D2FB473B-AFCD-41E9-A9E7-FF17A610733B}.Release|Any CPU.Deploy.0 = Release|Any CPU
		{D2FB473B-AFCD-41E9-A9E7-FF17A610733B}.Release|ARM.ActiveCfg = Release|ARM
		{D2FB473B-AFCD-41E9-A9E7-FF17A610733B}.Release|ARM.Build.0 = Release|ARM
		{D2FB473B-AFCD-41E9-A9E7-FF17A610733B}.Release|ARM.Deploy.0 = Release|ARM
		{D2FB473B-AFCD-41E9-A9E7-FF17A610733B}.Release|x64.ActiveCfg = Release|x64
		{D2FB473B-AFCD-41E9-A9E7-FF17A610733B}.Release|x64.Build.0 = Release|x64
		{D2FB473B-AFCD-41E9-A9E7-FF17A610733B}.Release|x64.Deploy.0 = Release|x64
		{D2FB473B-AFCD-41E9-A9E7-FF17A610733B}.Release|x86.ActiveCfg = Release|x86
		{D2FB473B-AFCD-41E9-A9E7-FF17A610733B}.Release|x86.Build.0 = Release|x86
		{D2FB473B-AFCD-41E9-A9E7-FF17A610733B}.Release|x86.Deploy.0 = Release|x86
		{0D921CE0-DDE0-40FB-A2B5-CF74B8E1B38B}.Debug|Any CPU.ActiveCfg = Debug|Any CPU
		{0D921CE0-DDE0-40FB-A2B5-CF74B8E1B38B}.Debug|Any CPU.Build.0 = Debug|Any CPU
		{0D921CE0-DDE0-40FB-A2B5-CF74B8E1B38B}.Debug|Any CPU.Deploy.0 = Debug|Any CPU
		{0D921CE0-DDE0-40FB-A2B5-CF74B8E1B38B}.Debug|ARM.ActiveCfg = Debug|ARM
		{0D921CE0-DDE0-40FB-A2B5-CF74B8E1B38B}.Debug|ARM.Build.0 = Debug|ARM
		{0D921CE0-DDE0-40FB-A2B5-CF74B8E1B38B}.Debug|ARM.Deploy.0 = Debug|ARM
		{0D921CE0-DDE0-40FB-A2B5-CF74B8E1B38B}.Debug|x64.ActiveCfg = Debug|Any CPU
		{0D921CE0-DDE0-40FB-A2B5-CF74B8E1B38B}.Debug|x86.ActiveCfg = Debug|x86
		{0D921CE0-DDE0-40FB-A2B5-CF74B8E1B38B}.Debug|x86.Build.0 = Debug|x86
		{0D921CE0-DDE0-40FB-A2B5-CF74B8E1B38B}.Debug|x86.Deploy.0 = Debug|x86
		{0D921CE0-DDE0-40FB-A2B5-CF74B8E1B38B}.Release|Any CPU.ActiveCfg = Release|Any CPU
		{0D921CE0-DDE0-40FB-A2B5-CF74B8E1B38B}.Release|Any CPU.Build.0 = Release|Any CPU
		{0D921CE0-DDE0-40FB-A2B5-CF74B8E1B38B}.Release|Any CPU.Deploy.0 = Release|Any CPU
		{0D921CE0-DDE0-40FB-A2B5-CF74B8E1B38B}.Release|ARM.ActiveCfg = Release|ARM
		{0D921CE0-DDE0-40FB-A2B5-CF74B8E1B38B}.Release|ARM.Build.0 = Release|ARM
		{0D921CE0-DDE0-40FB-A2B5-CF74B8E1B38B}.Release|ARM.Deploy.0 = Release|ARM
		{0D921CE0-DDE0-40FB-A2B5-CF74B8E1B38B}.Release|x64.ActiveCfg = Release|Any CPU
		{0D921CE0-DDE0-40FB-A2B5-CF74B8E1B38B}.Release|x86.ActiveCfg = Release|x86
		{0D921CE0-DDE0-40FB-A2B5-CF74B8E1B38B}.Release|x86.Build.0 = Release|x86
		{0D921CE0-DDE0-40FB-A2B5-CF74B8E1B38B}.Release|x86.Deploy.0 = Release|x86
	EndGlobalSection
	GlobalSection(SolutionProperties) = preSolution
		HideSolutionNode = FALSE
	EndGlobalSection
	GlobalSection(NestedProjects) = preSolution
		{B3DC259C-66FE-4E68-A0F4-4C4F2E4A4D8F} = {8333DB52-290B-456F-8F0B-3CA27A2545D1}
		{D2FB473B-AFCD-41E9-A9E7-FF17A610733B} = {8333DB52-290B-456F-8F0B-3CA27A2545D1}
		{0D921CE0-DDE0-40FB-A2B5-CF74B8E1B38B} = {8333DB52-290B-456F-8F0B-3CA27A2545D1}
	EndGlobalSection
EndGlobal
